
Microsoft Visual Studio Solution File, Format Version 12.00
# Visual Studio Version 16
VisualStudioVersion = 16.0.30320.27
MinimumVisualStudioVersion = 10.0.40219.1
Project("{FAE04EC0-301F-11D3-BF4B-00C04F79EFBC}") = "DiscountsConsole", "DiscountsConsole\DiscountsConsole.csproj", "{6604CC9B-9062-4EF3-AD30-CB20AA82F822}"
EndProject
Global
	GlobalSection(SolutionConfigurationPlatforms) = preSolution
		Debug|Any CPU = Debug|Any CPU
		Release|Any CPU = Release|Any CPU
	EndGlobalSection
	GlobalSection(ProjectConfigurationPlatforms) = postSolution
		{6604CC9B-9062-4EF3-AD30-CB20AA82F822}.Debug|Any CPU.ActiveCfg = Debug|Any CPU
		{6604CC9B-9062-4EF3-AD30-CB20AA82F822}.Debug|Any CPU.Build.0 = Debug|Any CPU
		{6604CC9B-9062-4EF3-AD30-CB20AA82F822}.Release|Any CPU.ActiveCfg = Release|Any CPU
		{6604CC9B-9062-4EF3-AD30-CB20AA82F822}.Release|Any CPU.Build.0 = Release|Any CPU
	EndGlobalSection
	GlobalSection(SolutionProperties) = preSolution
		HideSolutionNode = FALSE
	EndGlobalSection
	GlobalSection(ExtensibilityGlobals) = postSolution
		SolutionGuid = {AF1CC790-9E5C-48F1-AB1E-817E154F2685}
	EndGlobalSection
EndGlobal
